
Microsoft Visual Studio Solution File, Format Version 12.00
# Visual Studio Version 17
VisualStudioVersion = 17.10.35013.160
MinimumVisualStudioVersion = 10.0.40219.1
Project("{FAE04EC0-301F-11D3-BF4B-00C04F79EFBC}") = "ProductSalesAPI.Presentation", "ProductSalesAPI.Presentation\ProductSalesAPI.Presentation.csproj", "{BE084C88-1660-4141-AA18-412B177DC1E7}"
EndProject
Project("{FAE04EC0-301F-11D3-BF4B-00C04F79EFBC}") = "ProductSalesAPI.Application", "ProductSalesAPI.Application\ProductSalesAPI.Application.csproj", "{439775F2-2201-4C5E-883C-737876B2A403}"
EndProject
Project("{FAE04EC0-301F-11D3-BF4B-00C04F79EFBC}") = "ProductSalesAPI.Infrastructure", "ProductSalesAPI.Infrastructure\ProductSalesAPI.Infrastructure.csproj", "{12EE5F22-2524-466D-8ED6-4E9EA86598A8}"
EndProject
Project("{FAE04EC0-301F-11D3-BF4B-00C04F79EFBC}") = "ProductSalesAPI.Domain", "ProductSalesAPI.Domain\ProductSalesAPI.Domain.csproj", "{7E9ADD79-EA5B-4D13-8819-2309401664A5}"
EndProject
Project("{FAE04EC0-301F-11D3-BF4B-00C04F79EFBC}") = "TestSignalRNewProduct", "TestSignalRNewProduct\TestSignalRNewProduct.csproj", "{3D303409-A279-4A0E-818C-5CFF83D5AC71}"
EndProject
Global
	GlobalSection(SolutionConfigurationPlatforms) = preSolution
		Debug|Any CPU = Debug|Any CPU
		Release|Any CPU = Release|Any CPU
	EndGlobalSection
	GlobalSection(ProjectConfigurationPlatforms) = postSolution
		{BE084C88-1660-4141-AA18-412B177DC1E7}.Debug|Any CPU.ActiveCfg = Debug|Any CPU
		{BE084C88-1660-4141-AA18-412B177DC1E7}.Debug|Any CPU.Build.0 = Debug|Any CPU
		{BE084C88-1660-4141-AA18-412B177DC1E7}.Release|Any CPU.ActiveCfg = Release|Any CPU
		{BE084C88-1660-4141-AA18-412B177DC1E7}.Release|Any CPU.Build.0 = Release|Any CPU
		{439775F2-2201-4C5E-883C-737876B2A403}.Debug|Any CPU.ActiveCfg = Debug|Any CPU
		{439775F2-2201-4C5E-883C-737876B2A403}.Debug|Any CPU.Build.0 = Debug|Any CPU
		{439775F2-2201-4C5E-883C-737876B2A403}.Release|Any CPU.ActiveCfg = Release|Any CPU
		{439775F2-2201-4C5E-883C-737876B2A403}.Release|Any CPU.Build.0 = Release|Any CPU
		{12EE5F22-2524-466D-8ED6-4E9EA86598A8}.Debug|Any CPU.ActiveCfg = Debug|Any CPU
		{12EE5F22-2524-466D-8ED6-4E9EA86598A8}.Debug|Any CPU.Build.0 = Debug|Any CPU
		{12EE5F22-2524-466D-8ED6-4E9EA86598A8}.Release|Any CPU.ActiveCfg = Release|Any CPU
		{12EE5F22-2524-466D-8ED6-4E9EA86598A8}.Release|Any CPU.Build.0 = Release|Any CPU
		{7E9ADD79-EA5B-4D13-8819-2309401664A5}.Debug|Any CPU.ActiveCfg = Debug|Any CPU
		{7E9ADD79-EA5B-4D13-8819-2309401664A5}.Debug|Any CPU.Build.0 = Debug|Any CPU
		{7E9ADD79-EA5B-4D13-8819-2309401664A5}.Release|Any CPU.ActiveCfg = Release|Any CPU
		{7E9ADD79-EA5B-4D13-8819-2309401664A5}.Release|Any CPU.Build.0 = Release|Any CPU
		{3D303409-A279-4A0E-818C-5CFF83D5AC71}.Debug|Any CPU.ActiveCfg = Debug|Any CPU
		{3D303409-A279-4A0E-818C-5CFF83D5AC71}.Debug|Any CPU.Build.0 = Debug|Any CPU
		{3D303409-A279-4A0E-818C-5CFF83D5AC71}.Release|Any CPU.ActiveCfg = Release|Any CPU
		{3D303409-A279-4A0E-818C-5CFF83D5AC71}.Release|Any CPU.Build.0 = Release|Any CPU
	EndGlobalSection
	GlobalSection(SolutionProperties) = preSolution
		HideSolutionNode = FALSE
	EndGlobalSection
	GlobalSection(ExtensibilityGlobals) = postSolution
		SolutionGuid = {6560F850-B6B5-462A-923B-79CCE750C6C1}
	EndGlobalSection
EndGlobal
